
Microsoft Visual Studio Solution File, Format Version 12.00
# Visual Studio 14
VisualStudioVersion = 14.0.23107.0
MinimumVisualStudioVersion = 10.0.40219.1
Project("{FAE04EC0-301F-11D3-BF4B-00C04F79EFBC}") = "EventCorp.AuthorizationServer", "EventCorp.AuthorizationServer\EventCorp.AuthorizationServer.csproj", "{3C9F0517-8544-476B-AF1D-49FC8E296DDC}"
EndProject
Project("{2150E333-8FDC-42A3-9474-1A3956D46DE8}") = "PublishScripts", "PublishScripts", "{E047D3F7-5871-4436-B23F-200B13E0AB24}"
	ProjectSection(SolutionItems) = preProject
		PublishScripts\AzureVMPublishModule.psm1 = PublishScripts\AzureVMPublishModule.psm1
		PublishScripts\AzureWebsitePublishModule.psm1 = PublishScripts\AzureWebsitePublishModule.psm1
		PublishScripts\Publish-WebApplicationVM.ps1 = PublishScripts\Publish-WebApplicationVM.ps1
		PublishScripts\Publish-WebApplicationWebsite.ps1 = PublishScripts\Publish-WebApplicationWebsite.ps1
	EndProjectSection
EndProject
Project("{2150E333-8FDC-42A3-9474-1A3956D46DE8}") = "Configurations", "Configurations", "{EAEC173D-A21D-4601-B36A-077790F6B455}"
	ProjectSection(SolutionItems) = preProject
		PublishScripts\Configurations\EventCorpAuthorizationServer-WAWS-dev.json = PublishScripts\Configurations\EventCorpAuthorizationServer-WAWS-dev.json
		PublishScripts\Configurations\EventCorpAuthServer-WAWS-dev.json = PublishScripts\Configurations\EventCorpAuthServer-WAWS-dev.json
		PublishScripts\Configurations\EventCorpRecommendation-WAWS-dev.json = PublishScripts\Configurations\EventCorpRecommendation-WAWS-dev.json
	EndProjectSection
EndProject
Project("{FAE04EC0-301F-11D3-BF4B-00C04F79EFBC}") = "EventCorp.Recommendation", "EventCorp.Recommendation\EventCorp.Recommendation.csproj", "{236BE57F-7EB5-478E-B214-0A4C43D9863F}"
EndProject
Project("{FAE04EC0-301F-11D3-BF4B-00C04F79EFBC}") = "EventCorps.Helper", "EventCorps.Helper\EventCorps.Helper.csproj", "{B60BB246-73C9-4938-A128-6364B75FE14E}"
EndProject
Project("{2150E333-8FDC-42A3-9474-1A3956D46DE8}") = "Servers", "Servers", "{2D2EA980-BF68-493C-BC53-92D13DEA0D46}"
EndProject
Project("{2150E333-8FDC-42A3-9474-1A3956D46DE8}") = "HTML", "HTML", "{D7609CBE-BDF7-4AC5-B4EA-BAB9D8D62CB1}"
EndProject
Project("{E24C65DC-7377-472B-9ABA-BC803B73C61A}") = "Site", "Site\", "{2940CCCE-2DBA-4277-8B09-CE9C0977A115}"
	ProjectSection(WebsiteProperties) = preProject
		TargetFrameworkMoniker = ".NETFramework,Version%3Dv4.0"
		Debug.AspNetCompiler.VirtualPath = "/localhost_56312"
		Debug.AspNetCompiler.PhysicalPath = "Site\"
		Debug.AspNetCompiler.TargetPath = "PrecompiledWeb\localhost_56312\"
		Debug.AspNetCompiler.Updateable = "true"
		Debug.AspNetCompiler.ForceOverwrite = "true"
		Debug.AspNetCompiler.FixedNames = "false"
		Debug.AspNetCompiler.Debug = "True"
		Release.AspNetCompiler.VirtualPath = "/localhost_56312"
		Release.AspNetCompiler.PhysicalPath = "Site\"
		Release.AspNetCompiler.TargetPath = "PrecompiledWeb\localhost_56312\"
		Release.AspNetCompiler.Updateable = "true"
		Release.AspNetCompiler.ForceOverwrite = "true"
		Release.AspNetCompiler.FixedNames = "false"
		Release.AspNetCompiler.Debug = "False"
		VWDPort = "56312"
		SlnRelativePath = "Site\"
	EndProjectSection
EndProject
Project("{FAE04EC0-301F-11D3-BF4B-00C04F79EFBC}") = "EventCorp.EventServer", "EventCorp.EventServer\EventCorp.EventServer.csproj", "{D803CA3C-FB74-41B5-B738-FCA38B0C7C6D}"
EndProject
Global
	GlobalSection(SolutionConfigurationPlatforms) = preSolution
		Debug|Any CPU = Debug|Any CPU
		Release|Any CPU = Release|Any CPU
	EndGlobalSection
	GlobalSection(ProjectConfigurationPlatforms) = postSolution
		{3C9F0517-8544-476B-AF1D-49FC8E296DDC}.Debug|Any CPU.ActiveCfg = Debug|Any CPU
		{3C9F0517-8544-476B-AF1D-49FC8E296DDC}.Debug|Any CPU.Build.0 = Debug|Any CPU
		{3C9F0517-8544-476B-AF1D-49FC8E296DDC}.Release|Any CPU.ActiveCfg = Release|Any CPU
		{3C9F0517-8544-476B-AF1D-49FC8E296DDC}.Release|Any CPU.Build.0 = Release|Any CPU
		{236BE57F-7EB5-478E-B214-0A4C43D9863F}.Debug|Any CPU.ActiveCfg = Debug|Any CPU
		{236BE57F-7EB5-478E-B214-0A4C43D9863F}.Debug|Any CPU.Build.0 = Debug|Any CPU
		{236BE57F-7EB5-478E-B214-0A4C43D9863F}.Release|Any CPU.ActiveCfg = Release|Any CPU
		{236BE57F-7EB5-478E-B214-0A4C43D9863F}.Release|Any CPU.Build.0 = Release|Any CPU
		{B60BB246-73C9-4938-A128-6364B75FE14E}.Debug|Any CPU.ActiveCfg = Debug|Any CPU
		{B60BB246-73C9-4938-A128-6364B75FE14E}.Debug|Any CPU.Build.0 = Debug|Any CPU
		{B60BB246-73C9-4938-A128-6364B75FE14E}.Release|Any CPU.ActiveCfg = Release|Any CPU
		{B60BB246-73C9-4938-A128-6364B75FE14E}.Release|Any CPU.Build.0 = Release|Any CPU
		{2940CCCE-2DBA-4277-8B09-CE9C0977A115}.Debug|Any CPU.ActiveCfg = Debug|Any CPU
		{2940CCCE-2DBA-4277-8B09-CE9C0977A115}.Debug|Any CPU.Build.0 = Debug|Any CPU
		{2940CCCE-2DBA-4277-8B09-CE9C0977A115}.Release|Any CPU.ActiveCfg = Debug|Any CPU
		{2940CCCE-2DBA-4277-8B09-CE9C0977A115}.Release|Any CPU.Build.0 = Debug|Any CPU
		{D803CA3C-FB74-41B5-B738-FCA38B0C7C6D}.Debug|Any CPU.ActiveCfg = Debug|Any CPU
		{D803CA3C-FB74-41B5-B738-FCA38B0C7C6D}.Debug|Any CPU.Build.0 = Debug|Any CPU
		{D803CA3C-FB74-41B5-B738-FCA38B0C7C6D}.Release|Any CPU.ActiveCfg = Release|Any CPU
		{D803CA3C-FB74-41B5-B738-FCA38B0C7C6D}.Release|Any CPU.Build.0 = Release|Any CPU
	EndGlobalSection
	GlobalSection(SolutionProperties) = preSolution
		HideSolutionNode = FALSE
	EndGlobalSection
	GlobalSection(NestedProjects) = preSolution
		{3C9F0517-8544-476B-AF1D-49FC8E296DDC} = {2D2EA980-BF68-493C-BC53-92D13DEA0D46}
		{EAEC173D-A21D-4601-B36A-077790F6B455} = {E047D3F7-5871-4436-B23F-200B13E0AB24}
		{236BE57F-7EB5-478E-B214-0A4C43D9863F} = {2D2EA980-BF68-493C-BC53-92D13DEA0D46}
		{B60BB246-73C9-4938-A128-6364B75FE14E} = {2D2EA980-BF68-493C-BC53-92D13DEA0D46}
		{2940CCCE-2DBA-4277-8B09-CE9C0977A115} = {D7609CBE-BDF7-4AC5-B4EA-BAB9D8D62CB1}
		{D803CA3C-FB74-41B5-B738-FCA38B0C7C6D} = {2D2EA980-BF68-493C-BC53-92D13DEA0D46}
	EndGlobalSection
EndGlobal
