
Microsoft Visual Studio Solution File, Format Version 12.00
# Visual Studio 14
VisualStudioVersion = 14.0.22823.1
MinimumVisualStudioVersion = 10.0.40219.1
Project("{FAE04EC0-301F-11D3-BF4B-00C04F79EFBC}") = "EventCorp.AuthorizationServer", "EventCorp.AuthorizationServer\EventCorp.AuthorizationServer.csproj", "{3C9F0517-8544-476B-AF1D-49FC8E296DDC}"
EndProject
Project("{2150E333-8FDC-42A3-9474-1A3956D46DE8}") = "PublishScripts", "PublishScripts", "{E047D3F7-5871-4436-B23F-200B13E0AB24}"
	ProjectSection(SolutionItems) = preProject
		PublishScripts\AzureWebsitePublishModule.psm1 = PublishScripts\AzureWebsitePublishModule.psm1
		PublishScripts\Publish-WebApplicationWebsite.ps1 = PublishScripts\Publish-WebApplicationWebsite.ps1
	EndProjectSection
EndProject
Project("{2150E333-8FDC-42A3-9474-1A3956D46DE8}") = "Configurations", "Configurations", "{EAEC173D-A21D-4601-B36A-077790F6B455}"
	ProjectSection(SolutionItems) = preProject
		PublishScripts\Configurations\EventCorpAuthorizationServer-WAWS-dev.json = PublishScripts\Configurations\EventCorpAuthorizationServer-WAWS-dev.json
	EndProjectSection
EndProject
Global
	GlobalSection(SolutionConfigurationPlatforms) = preSolution
		Debug|Any CPU = Debug|Any CPU
		Release|Any CPU = Release|Any CPU
	EndGlobalSection
	GlobalSection(ProjectConfigurationPlatforms) = postSolution
		{3C9F0517-8544-476B-AF1D-49FC8E296DDC}.Debug|Any CPU.ActiveCfg = Debug|Any CPU
		{3C9F0517-8544-476B-AF1D-49FC8E296DDC}.Debug|Any CPU.Build.0 = Debug|Any CPU
		{3C9F0517-8544-476B-AF1D-49FC8E296DDC}.Release|Any CPU.ActiveCfg = Release|Any CPU
		{3C9F0517-8544-476B-AF1D-49FC8E296DDC}.Release|Any CPU.Build.0 = Release|Any CPU
	EndGlobalSection
	GlobalSection(SolutionProperties) = preSolution
		HideSolutionNode = FALSE
	EndGlobalSection
	GlobalSection(NestedProjects) = preSolution
		{EAEC173D-A21D-4601-B36A-077790F6B455} = {E047D3F7-5871-4436-B23F-200B13E0AB24}
	EndGlobalSection
EndGlobal
